
Microsoft Visual Studio Solution File, Format Version 12.00
# Visual Studio Version 17
VisualStudioVersion = 17.14.36401.2 d17.14
MinimumVisualStudioVersion = 10.0.40219.1
Project("{FAE04EC0-301F-11D3-BF4B-00C04F79EFBC}") = "bngf_test_1", "bngf_test\bngf_test_1.csproj", "{9E6F898F-E081-47AD-BB86-FB8CEFBEFAF7}"
EndProject
Project("{FAE04EC0-301F-11D3-BF4B-00C04F79EFBC}") = "bngf_test_2", "bngf_test_2\bngf_test_2.csproj", "{6F8DC430-B51A-4E4B-BB14-C390BF2F44CB}"
EndProject
Global
	GlobalSection(SolutionConfigurationPlatforms) = preSolution
		Debug|Any CPU = Debug|Any CPU
		Release|Any CPU = Release|Any CPU
	EndGlobalSection
	GlobalSection(ProjectConfigurationPlatforms) = postSolution
		{9E6F898F-E081-47AD-BB86-FB8CEFBEFAF7}.Debug|Any CPU.ActiveCfg = Debug|Any CPU
		{9E6F898F-E081-47AD-BB86-FB8CEFBEFAF7}.Debug|Any CPU.Build.0 = Debug|Any CPU
		{9E6F898F-E081-47AD-BB86-FB8CEFBEFAF7}.Release|Any CPU.ActiveCfg = Release|Any CPU
		{9E6F898F-E081-47AD-BB86-FB8CEFBEFAF7}.Release|Any CPU.Build.0 = Release|Any CPU
		{6F8DC430-B51A-4E4B-BB14-C390BF2F44CB}.Debug|Any CPU.ActiveCfg = Debug|Any CPU
		{6F8DC430-B51A-4E4B-BB14-C390BF2F44CB}.Debug|Any CPU.Build.0 = Debug|Any CPU
		{6F8DC430-B51A-4E4B-BB14-C390BF2F44CB}.Release|Any CPU.ActiveCfg = Release|Any CPU
		{6F8DC430-B51A-4E4B-BB14-C390BF2F44CB}.Release|Any CPU.Build.0 = Release|Any CPU
	EndGlobalSection
	GlobalSection(SolutionProperties) = preSolution
		HideSolutionNode = FALSE
	EndGlobalSection
	GlobalSection(ExtensibilityGlobals) = postSolution
		SolutionGuid = {F6D50FBE-3881-4437-BD84-F5825F10487A}
	EndGlobalSection
EndGlobal
